<?xml version="1.0" encoding="utf-8"?>
<Project ToolsVersion="4.0" xmlns="http://schemas.microsoft.com/developer/msbuild/2003">
  <ItemGroup>
    <Filter Include="Source Files">
      <UniqueIdentifier>{4FC737F1-C7A5-4376-A066-2A32D752A2FF}</UniqueIdentifier>
      <Extensions>cpp;c;cc;cxx;def;odl;idl;hpj;bat;asm;asmx</Extensions>
    </Filter>
    <Filter Include="Header Files">
      <UniqueIdentifier>{93995380-89BD-4b04-88EB-625FBE52EBFB}</UniqueIdentifier>
      <Extensions>h;hh;hpp;hxx;hm;inl;inc;xsd</Extensions>
    </Filter>
    <Filter Include="Resource Files">
      <UniqueIdentifier>{67DA6AB6-F800-4c08-8B7A-83BB121AAD01}</UniqueIdentifier>
      <Extensions>qrc;rc;ico;cur;bmp;dlg;rc2;rct;bin;rgs;gif;jpg;jpeg;jpe;resx;tiff;tif;png;wav;mfcribbon-ms</Extensions>
    </Filter>
    <Filter Include="Form Files">
      <UniqueIdentifier>{99349809-55BA-4b9d-BF79-8FDBB0286EB3}</UniqueIdentifier>
      <Extensions>ui</Extensions>
    </Filter>
    <Filter Include="Translation Files">
      <UniqueIdentifier>{639EADAA-A684-42e4-A9AD-28FC9BCB8F7C}</UniqueIdentifier>
      <Extensions>ts</Extensions>
    </Filter>
  </ItemGroup>
  <ItemGroup>
    <QtRcc Include="res.qrc">
      <Filter>Resource Files</Filter>
    </QtRcc>
  </ItemGroup>
  <ItemGroup>
    <ClCompile Include="src\common\Interface\COM_Port\COM_Port.cpp">
      <Filter>Source Files</Filter>
    </ClCompile>
    <ClCompile Include="src\core\DataTable\DataTable.cpp">
      <Filter>Source Files</Filter>
    </ClCompile>
    <ClCompile Include="src\core\GUI\GUI.cpp">
      <Filter>Source Files</Filter>
    </ClCompile>
    <ClCompile Include="src\core\Halcon\HalconVidicon\HalconVidicon.cpp">
      <Filter>Source Files</Filter>
    </ClCompile>
    <ClCompile Include="src\core\Main\main.cpp">
      <Filter>Source Files</Filter>
    </ClCompile>
    <ClCompile Include="src\core\ObtainingLocalData\CPULocalData\CPULocalData.cpp">
      <Filter>Source Files</Filter>
    </ClCompile>
    <ClCompile Include="src\core\ObtainingLocalData\MemoryLocalData\MemoryLocalData.cpp">
      <Filter>Source Files</Filter>
    </ClCompile>
    <ClCompile Include="src\core\ObtainingLocalData\ObtainingLocalData.cpp">
      <Filter>Source Files</Filter>
    </ClCompile>
    <ClCompile Include="src\core\Performeter\Performeter.cpp">
      <Filter>Source Files</Filter>
    </ClCompile>
    <ClCompile Include="include\halcon\com\HalconXimport_i.c">
      <Filter>Source Files</Filter>
    </ClCompile>
  </ItemGroup>
  <ItemGroup>
    <Image Include="res\background.jpg">
      <Filter>Resource Files</Filter>
    </Image>
  </ItemGroup>
  <ItemGroup>
    <QtMoc Include="src\common\Interface\COM_Port\COM_Port.h">
      <Filter>Header Files</Filter>
    </QtMoc>
    <QtMoc Include="src\core\GUI\GUI.h">
      <Filter>Header Files</Filter>
    </QtMoc>
    <QtMoc Include="src\core\Halcon\HalconVidicon\HalconVidicon.h">
      <Filter>Header Files</Filter>
    </QtMoc>
    <QtMoc Include="src\core\ObtainingLocalData\CPULocalData\CPULocalData.h">
      <Filter>Header Files</Filter>
    </QtMoc>
    <QtMoc Include="src\core\ObtainingLocalData\MemoryLocalData\MemoryLocalData.h">
      <Filter>Header Files</Filter>
    </QtMoc>
    <QtMoc Include="src\core\Performeter\Performeter.h">
      <Filter>Header Files</Filter>
    </QtMoc>
  </ItemGroup>
  <ItemGroup>
    <ClInclude Include="src\core\DataTable\DataTable.h">
      <Filter>Header Files</Filter>
    </ClInclude>
    <ClInclude Include="src\core\ObtainingLocalData\ObtainingLocalData.h">
      <Filter>Header Files</Filter>
    </ClInclude>
    <ClInclude Include="include\halcon\com\HalconCOM.h">
      <Filter>Header Files</Filter>
    </ClInclude>
    <ClInclude Include="include\halcon\com\HalconXimport.h">
      <Filter>Header Files</Filter>
    </ClInclude>
    <ClInclude Include="include\halcon\halconc\Hdevthread.h">
      <Filter>Header Files</Filter>
    </ClInclude>
    <ClInclude Include="include\halcon\halconc\Hvector.h">
      <Filter>Header Files</Filter>
    </ClInclude>
    <ClInclude Include="include\halcon\halconcpp\HalconAPI.h">
      <Filter>Header Files</Filter>
    </ClInclude>
    <ClInclude Include="include\halcon\halconcpp\HalconCpp.h">
      <Filter>Header Files</Filter>
    </ClInclude>
    <ClInclude Include="include\halcon\halconcpp\HalconCppForwards.h">
      <Filter>Header Files</Filter>
    </ClInclude>
    <ClInclude Include="include\halcon\halconcpp\HalconCppIncludes.h">
      <Filter>Header Files</Filter>
    </ClInclude>
    <ClInclude Include="include\halcon\halconcpp\HBarCode.h">
      <Filter>Header Files</Filter>
    </ClInclude>
    <ClInclude Include="include\halcon\halconcpp\HBarrier.h">
      <Filter>Header Files</Filter>
    </ClInclude>
    <ClInclude Include="include\halcon\halconcpp\HBeadInspectionModel.h">
      <Filter>Header Files</Filter>
    </ClInclude>
    <ClInclude Include="include\halcon\halconcpp\HBgEsti.h">
      <Filter>Header Files</Filter>
    </ClInclude>
    <ClInclude Include="include\halcon\halconcpp\HCalibData.h">
      <Filter>Header Files</Filter>
    </ClInclude>
    <ClInclude Include="include\halcon\halconcpp\HCameraSetupModel.h">
      <Filter>Header Files</Filter>
    </ClInclude>
    <ClInclude Include="include\halcon\halconcpp\HCamPar.h">
      <Filter>Header Files</Filter>
    </ClInclude>
    <ClInclude Include="include\halcon\halconcpp\HClassBox.h">
      <Filter>Header Files</Filter>
    </ClInclude>
    <ClInclude Include="include\halcon\halconcpp\HClassGmm.h">
      <Filter>Header Files</Filter>
    </ClInclude>
    <ClInclude Include="include\halcon\halconcpp\HClassKnn.h">
      <Filter>Header Files</Filter>
    </ClInclude>
    <ClInclude Include="include\halcon\halconcpp\HClassLUT.h">
      <Filter>Header Files</Filter>
    </ClInclude>
    <ClInclude Include="include\halcon\halconcpp\HClassMlp.h">
      <Filter>Header Files</Filter>
    </ClInclude>
    <ClInclude Include="include\halcon\halconcpp\HClassSvm.h">
      <Filter>Header Files</Filter>
    </ClInclude>
    <ClInclude Include="include\halcon\halconcpp\HClassTrainData.h">
      <Filter>Header Files</Filter>
    </ClInclude>
    <ClInclude Include="include\halcon\halconcpp\HColorTransLUT.h">
      <Filter>Header Files</Filter>
    </ClInclude>
    <ClInclude Include="include\halcon\halconcpp\HComponentModel.h">
      <Filter>Header Files</Filter>
    </ClInclude>
    <ClInclude Include="include\halcon\halconcpp\HComponentTraining.h">
      <Filter>Header Files</Filter>
    </ClInclude>
    <ClInclude Include="include\halcon\halconcpp\HComputeDevice.h">
      <Filter>Header Files</Filter>
    </ClInclude>
    <ClInclude Include="include\halcon\halconcpp\HCondition.h">
      <Filter>Header Files</Filter>
    </ClInclude>
    <ClInclude Include="include\halcon\halconcpp\HDataBase.h">
      <Filter>Header Files</Filter>
    </ClInclude>
    <ClInclude Include="include\halcon\halconcpp\HDataCode2D.h">
      <Filter>Header Files</Filter>
    </ClInclude>
    <ClInclude Include="include\halcon\halconcpp\HDeformableModel.h">
      <Filter>Header Files</Filter>
    </ClInclude>
    <ClInclude Include="include\halcon\halconcpp\HDeformableSurfaceMatchingResult.h">
      <Filter>Header Files</Filter>
    </ClInclude>
    <ClInclude Include="include\halcon\halconcpp\HDeformableSurfaceModel.h">
      <Filter>Header Files</Filter>
    </ClInclude>
    <ClInclude Include="include\halcon\halconcpp\HDescriptorModel.h">
      <Filter>Header Files</Filter>
    </ClInclude>
    <ClInclude Include="include\halcon\halconcpp\HDevThread.h">
      <Filter>Header Files</Filter>
    </ClInclude>
    <ClInclude Include="include\halcon\halconcpp\HDevWindowStack.h">
      <Filter>Header Files</Filter>
    </ClInclude>
    <ClInclude Include="include\halcon\halconcpp\HDict.h">
      <Filter>Header Files</Filter>
    </ClInclude>
    <ClInclude Include="include\halcon\halconcpp\HDlClassifier.h">
      <Filter>Header Files</Filter>
    </ClInclude>
    <ClInclude Include="include\halcon\halconcpp\HDlClassifierResult.h">
      <Filter>Header Files</Filter>
    </ClInclude>
    <ClInclude Include="include\halcon\halconcpp\HDlClassifierTrainResult.h">
      <Filter>Header Files</Filter>
    </ClInclude>
    <ClInclude Include="include\halcon\halconcpp\HDlDevice.h">
      <Filter>Header Files</Filter>
    </ClInclude>
    <ClInclude Include="include\halcon\halconcpp\HDlModel.h">
      <Filter>Header Files</Filter>
    </ClInclude>
    <ClInclude Include="include\halcon\halconcpp\HDlModelOcr.h">
      <Filter>Header Files</Filter>
    </ClInclude>
    <ClInclude Include="include\halcon\halconcpp\HDlPrune.h">
      <Filter>Header Files</Filter>
    </ClInclude>
    <ClInclude Include="include\halcon\halconcpp\HDrawingObject.h">
      <Filter>Header Files</Filter>
    </ClInclude>
    <ClInclude Include="include\halcon\halconcpp\HDualQuaternion.h">
      <Filter>Header Files</Filter>
    </ClInclude>
    <ClInclude Include="include\halcon\halconcpp\HEvent.h">
      <Filter>Header Files</Filter>
    </ClInclude>
    <ClInclude Include="include\halcon\halconcpp\HException.h">
      <Filter>Header Files</Filter>
    </ClInclude>
    <ClInclude Include="include\halcon\halconcpp\HFeatureSet.h">
      <Filter>Header Files</Filter>
    </ClInclude>
    <ClInclude Include="include\halcon\halconcpp\HFile.h">
      <Filter>Header Files</Filter>
    </ClInclude>
    <ClInclude Include="include\halcon\halconcpp\HFramegrabber.h">
      <Filter>Header Files</Filter>
    </ClInclude>
    <ClInclude Include="include\halcon\halconcpp\HFunction1D.h">
      <Filter>Header Files</Filter>
    </ClInclude>
    <ClInclude Include="include\halcon\halconcpp\HGnuplot.h">
      <Filter>Header Files</Filter>
    </ClInclude>
    <ClInclude Include="include\halcon\halconcpp\HHandle.h">
      <Filter>Header Files</Filter>
    </ClInclude>
    <ClInclude Include="include\halcon\halconcpp\HHandleBase.h">
      <Filter>Header Files</Filter>
    </ClInclude>
    <ClInclude Include="include\halcon\halconcpp\HHomMat2D.h">
      <Filter>Header Files</Filter>
    </ClInclude>
    <ClInclude Include="include\halcon\halconcpp\HHomMat3D.h">
      <Filter>Header Files</Filter>
    </ClInclude>
    <ClInclude Include="include\halcon\halconcpp\HImage.h">
      <Filter>Header Files</Filter>
    </ClInclude>
    <ClInclude Include="include\halcon\halconcpp\HInfo.h">
      <Filter>Header Files</Filter>
    </ClInclude>
    <ClInclude Include="include\halcon\halconcpp\HIOChannel.h">
      <Filter>Header Files</Filter>
    </ClInclude>
    <ClInclude Include="include\halcon\halconcpp\HIODevice.h">
      <Filter>Header Files</Filter>
    </ClInclude>
    <ClInclude Include="include\halcon\halconcpp\HIOStream.h">
      <Filter>Header Files</Filter>
    </ClInclude>
    <ClInclude Include="include\halcon\halconcpp\HLexicon.h">
      <Filter>Header Files</Filter>
    </ClInclude>
    <ClInclude Include="include\halcon\halconcpp\HMatrix.h">
      <Filter>Header Files</Filter>
    </ClInclude>
    <ClInclude Include="include\halcon\halconcpp\HMeasure.h">
      <Filter>Header Files</Filter>
    </ClInclude>
    <ClInclude Include="include\halcon\halconcpp\HMessage.h">
      <Filter>Header Files</Filter>
    </ClInclude>
    <ClInclude Include="include\halcon\halconcpp\HMessageQueue.h">
      <Filter>Header Files</Filter>
    </ClInclude>
    <ClInclude Include="include\halcon\halconcpp\HMetrologyModel.h">
      <Filter>Header Files</Filter>
    </ClInclude>
    <ClInclude Include="include\halcon\halconcpp\HMisc.h">
      <Filter>Header Files</Filter>
    </ClInclude>
    <ClInclude Include="include\halcon\halconcpp\HMutex.h">
      <Filter>Header Files</Filter>
    </ClInclude>
    <ClInclude Include="include\halcon\halconcpp\HNCCModel.h">
      <Filter>Header Files</Filter>
    </ClInclude>
    <ClInclude Include="include\halcon\halconcpp\HObject.h">
      <Filter>Header Files</Filter>
    </ClInclude>
    <ClInclude Include="include\halcon\halconcpp\HObjectBase.h">
      <Filter>Header Files</Filter>
    </ClInclude>
    <ClInclude Include="include\halcon\halconcpp\HObjectModel3D.h">
      <Filter>Header Files</Filter>
    </ClInclude>
    <ClInclude Include="include\halcon\halconcpp\HOCRBox.h">
      <Filter>Header Files</Filter>
    </ClInclude>
    <ClInclude Include="include\halcon\halconcpp\HOCRCnn.h">
      <Filter>Header Files</Filter>
    </ClInclude>
    <ClInclude Include="include\halcon\halconcpp\HOCRKnn.h">
      <Filter>Header Files</Filter>
    </ClInclude>
    <ClInclude Include="include\halcon\halconcpp\HOCRMlp.h">
      <Filter>Header Files</Filter>
    </ClInclude>
    <ClInclude Include="include\halcon\halconcpp\HOCRSvm.h">
      <Filter>Header Files</Filter>
    </ClInclude>
    <ClInclude Include="include\halcon\halconcpp\HOCV.h">
      <Filter>Header Files</Filter>
    </ClInclude>
    <ClInclude Include="include\halcon\halconcpp\HOperatorOverloads.h">
      <Filter>Header Files</Filter>
    </ClInclude>
    <ClInclude Include="include\halcon\halconcpp\HOperatorSet.h">
      <Filter>Header Files</Filter>
    </ClInclude>
    <ClInclude Include="include\halcon\halconcpp\HOperatorSetLegacy.h">
      <Filter>Header Files</Filter>
    </ClInclude>
    <ClInclude Include="include\halcon\halconcpp\HPose.h">
      <Filter>Header Files</Filter>
    </ClInclude>
    <ClInclude Include="include\halcon\halconcpp\HQuaternion.h">
      <Filter>Header Files</Filter>
    </ClInclude>
    <ClInclude Include="include\halcon\halconcpp\HRegion.h">
      <Filter>Header Files</Filter>
    </ClInclude>
    <ClInclude Include="include\halcon\halconcpp\HSampleIdentifier.h">
      <Filter>Header Files</Filter>
    </ClInclude>
    <ClInclude Include="include\halcon\halconcpp\HScatteredDataInterpolator.h">
      <Filter>Header Files</Filter>
    </ClInclude>
    <ClInclude Include="include\halcon\halconcpp\HScene3D.h">
      <Filter>Header Files</Filter>
    </ClInclude>
    <ClInclude Include="include\halcon\halconcpp\HSerial.h">
      <Filter>Header Files</Filter>
    </ClInclude>
    <ClInclude Include="include\halcon\halconcpp\HSerializedItem.h">
      <Filter>Header Files</Filter>
    </ClInclude>
    <ClInclude Include="include\halcon\halconcpp\HShapeModel.h">
      <Filter>Header Files</Filter>
    </ClInclude>
    <ClInclude Include="include\halcon\halconcpp\HShapeModel3D.h">
      <Filter>Header Files</Filter>
    </ClInclude>
    <ClInclude Include="include\halcon\halconcpp\HSheetOfLightModel.h">
      <Filter>Header Files</Filter>
    </ClInclude>
    <ClInclude Include="include\halcon\halconcpp\HSmartPtr.h">
      <Filter>Header Files</Filter>
    </ClInclude>
    <ClInclude Include="include\halcon\halconcpp\HSocket.h">
      <Filter>Header Files</Filter>
    </ClInclude>
    <ClInclude Include="include\halcon\halconcpp\HStereoModel.h">
      <Filter>Header Files</Filter>
    </ClInclude>
    <ClInclude Include="include\halcon\halconcpp\HString.h">
      <Filter>Header Files</Filter>
    </ClInclude>
    <ClInclude Include="include\halcon\halconcpp\HStructuredLightModel.h">
      <Filter>Header Files</Filter>
    </ClInclude>
    <ClInclude Include="include\halcon\halconcpp\HSurfaceMatchingResult.h">
      <Filter>Header Files</Filter>
    </ClInclude>
    <ClInclude Include="include\halcon\halconcpp\HSurfaceModel.h">
      <Filter>Header Files</Filter>
    </ClInclude>
    <ClInclude Include="include\halcon\halconcpp\HSystem.h">
      <Filter>Header Files</Filter>
    </ClInclude>
    <ClInclude Include="include\halcon\halconcpp\HTemplate.h">
      <Filter>Header Files</Filter>
    </ClInclude>
    <ClInclude Include="include\halcon\halconcpp\HTextModel.h">
      <Filter>Header Files</Filter>
    </ClInclude>
    <ClInclude Include="include\halcon\halconcpp\HTextResult.h">
      <Filter>Header Files</Filter>
    </ClInclude>
    <ClInclude Include="include\halcon\halconcpp\HTextureInspectionModel.h">
      <Filter>Header Files</Filter>
    </ClInclude>
    <ClInclude Include="include\halcon\halconcpp\HTextureInspectionResult.h">
      <Filter>Header Files</Filter>
    </ClInclude>
    <ClInclude Include="include\halcon\halconcpp\HTuple.h">
      <Filter>Header Files</Filter>
    </ClInclude>
    <ClInclude Include="include\halcon\halconcpp\HTupleElement.h">
      <Filter>Header Files</Filter>
    </ClInclude>
    <ClInclude Include="include\halcon\halconcpp\HTupleLegacy.h">
      <Filter>Header Files</Filter>
    </ClInclude>
    <ClInclude Include="include\halcon\halconcpp\HVariationModel.h">
      <Filter>Header Files</Filter>
    </ClInclude>
    <ClInclude Include="include\halcon\halconcpp\HVector.h">
      <Filter>Header Files</Filter>
    </ClInclude>
    <ClInclude Include="include\halcon\halconcpp\HWindow.h">
      <Filter>Header Files</Filter>
    </ClInclude>
    <ClInclude Include="include\halcon\halconcpp\HXLD.h">
      <Filter>Header Files</Filter>
    </ClInclude>
    <ClInclude Include="include\halcon\halconcpp\HXLDCont.h">
      <Filter>Header Files</Filter>
    </ClInclude>
    <ClInclude Include="include\halcon\halconcpp\HXLDDistTrans.h">
      <Filter>Header Files</Filter>
    </ClInclude>
    <ClInclude Include="include\halcon\halconcpp\HXLDExtPara.h">
      <Filter>Header Files</Filter>
    </ClInclude>
    <ClInclude Include="include\halcon\halconcpp\HXLDModPara.h">
      <Filter>Header Files</Filter>
    </ClInclude>
    <ClInclude Include="include\halcon\halconcpp\HXLDPara.h">
      <Filter>Header Files</Filter>
    </ClInclude>
    <ClInclude Include="include\halcon\halconcpp\HXLDPoly.h">
      <Filter>Header Files</Filter>
    </ClInclude>
    <ClInclude Include="include\halcon\hclib\hclib_types.h">
      <Filter>Header Files</Filter>
    </ClInclude>
    <ClInclude Include="include\halcon\hdevengine\HDevEngineCpp.h">
      <Filter>Header Files</Filter>
    </ClInclude>
    <ClInclude Include="include\halcon\hlib\CIOFrameGrab.h">
      <Filter>Header Files</Filter>
    </ClInclude>
    <ClInclude Include="include\halcon\hlib\CIOFrameGrabDefines.h">
      <Filter>Header Files</Filter>
    </ClInclude>
    <ClInclude Include="include\halcon\hlib\CIOIIDevice.h">
      <Filter>Header Files</Filter>
    </ClInclude>
    <ClInclude Include="include\halcon\hlib\CIOIIDeviceDefines.h">
      <Filter>Header Files</Filter>
    </ClInclude>
    <ClInclude Include="include\halcon\hlib\CORE1.h">
      <Filter>Header Files</Filter>
    </ClInclude>
    <ClInclude Include="include\halcon\hlib\DBNew.h">
      <Filter>Header Files</Filter>
    </ClInclude>
    <ClInclude Include="include\halcon\hlib\HAlloc.h">
      <Filter>Header Files</Filter>
    </ClInclude>
    <ClInclude Include="include\halcon\hlib\HBaseGP.h">
      <Filter>Header Files</Filter>
    </ClInclude>
    <ClInclude Include="include\halcon\hlib\HComputeDeviceExt.h">
      <Filter>Header Files</Filter>
    </ClInclude>
    <ClInclude Include="include\halcon\hlib\HError.h">
      <Filter>Header Files</Filter>
    </ClInclude>
    <ClInclude Include="include\halcon\hlib\HInstance.h">
      <Filter>Header Files</Filter>
    </ClInclude>
    <ClInclude Include="include\halcon\hlib\HInstanceDefines.h">
      <Filter>Header Files</Filter>
    </ClInclude>
    <ClInclude Include="include\halcon\hlib\HMessageQueue.h">
      <Filter>Header Files</Filter>
    </ClInclude>
    <ClInclude Include="include\halcon\hlib\HObjectModel3D.h">
      <Filter>Header Files</Filter>
    </ClInclude>
    <ClInclude Include="include\halcon\hlib\HpThread.h">
      <Filter>Header Files</Filter>
    </ClInclude>
    <ClInclude Include="include\halcon\hlib\HRLClip.h">
      <Filter>Header Files</Filter>
    </ClInclude>
    <ClInclude Include="include\halcon\hlib\HXLD.h">
      <Filter>Header Files</Filter>
    </ClInclude>
    <ClInclude Include="include\halcon\hlib\IOSpy.h">
      <Filter>Header Files</Filter>
    </ClInclude>
    <ClInclude Include="include\halcon\Halcon.h">
      <Filter>Header Files</Filter>
    </ClInclude>
    <ClInclude Include="include\halcon\HalconC.h">
      <Filter>Header Files</Filter>
    </ClInclude>
    <ClInclude Include="include\halcon\HalconCDefs.h">
      <Filter>Header Files</Filter>
    </ClInclude>
    <ClInclude Include="include\halcon\HBase.h">
      <Filter>Header Files</Filter>
    </ClInclude>
    <ClInclude Include="include\halcon\HConst.h">
      <Filter>Header Files</Filter>
    </ClInclude>
    <ClInclude Include="include\halcon\HCtype.h">
      <Filter>Header Files</Filter>
    </ClInclude>
    <ClInclude Include="include\halcon\HDeclSpec.h">
      <Filter>Header Files</Filter>
    </ClInclude>
    <ClInclude Include="include\halcon\HErrorDef.h">
      <Filter>Header Files</Filter>
    </ClInclude>
    <ClInclude Include="include\halcon\HExtern.h">
      <Filter>Header Files</Filter>
    </ClInclude>
    <ClInclude Include="include\halcon\HIntDef.h">
      <Filter>Header Files</Filter>
    </ClInclude>
    <ClInclude Include="include\halcon\HInterfaceC.h">
      <Filter>Header Files</Filter>
    </ClInclude>
    <ClInclude Include="include\halcon\HMacro.h">
      <Filter>Header Files</Filter>
    </ClInclude>
    <ClInclude Include="include\halcon\HParallel.h">
      <Filter>Header Files</Filter>
    </ClInclude>
    <ClInclude Include="include\halcon\HProto.h">
      <Filter>Header Files</Filter>
    </ClInclude>
    <ClInclude Include="include\halcon\HVersNum.h">
      <Filter>Header Files</Filter>
    </ClInclude>
    <ClInclude Include="include\halcon\IPType.h">
      <Filter>Header Files</Filter>
    </ClInclude>
  </ItemGroup>
  <ItemGroup>
    <QtUic Include="src\core\GUI\GUI.ui">
      <Filter>Form Files</Filter>
    </QtUic>
  </ItemGroup>
  <ItemGroup>
    <Midl Include="include\halcon\com\HalconXimport.idl">
      <Filter>Source Files</Filter>
    </Midl>
  </ItemGroup>
</Project>